
Microsoft Visual Studio Solution File, Format Version 10.00
# Visual Studio 2008
Project("{8BC9CEB8-8B4A-11D0-8D11-00A0C91BC942}") = "11.5c", "11.5c\11.5c.vcproj", "{F0F1AD85-4C4C-4994-B84F-D0BF31BBD66F}"
EndProject
Global
	GlobalSection(SolutionConfigurationPlatforms) = preSolution
		Debug|Win32 = Debug|Win32
		Release|Win32 = Release|Win32
	EndGlobalSection
	GlobalSection(ProjectConfigurationPlatforms) = postSolution
		{F0F1AD85-4C4C-4994-B84F-D0BF31BBD66F}.Debug|Win32.ActiveCfg = Debug|Win32
		{F0F1AD85-4C4C-4994-B84F-D0BF31BBD66F}.Debug|Win32.Build.0 = Debug|Win32
		{F0F1AD85-4C4C-4994-B84F-D0BF31BBD66F}.Release|Win32.ActiveCfg = Release|Win32
		{F0F1AD85-4C4C-4994-B84F-D0BF31BBD66F}.Release|Win32.Build.0 = Release|Win32
	EndGlobalSection
	GlobalSection(SolutionProperties) = preSolution
		HideSolutionNode = FALSE
	EndGlobalSection
EndGlobal
