
Microsoft Visual Studio Solution File, Format Version 10.00
# Visual Studio 2008
Project("{8BC9CEB8-8B4A-11D0-8D11-00A0C91BC942}") = "11.22", "11.22\11.22.vcproj", "{48D28431-5CA3-42C3-B3B1-504F5BE5589E}"
EndProject
Global
	GlobalSection(SolutionConfigurationPlatforms) = preSolution
		Debug|Win32 = Debug|Win32
		Release|Win32 = Release|Win32
	EndGlobalSection
	GlobalSection(ProjectConfigurationPlatforms) = postSolution
		{48D28431-5CA3-42C3-B3B1-504F5BE5589E}.Debug|Win32.ActiveCfg = Debug|Win32
		{48D28431-5CA3-42C3-B3B1-504F5BE5589E}.Debug|Win32.Build.0 = Debug|Win32
		{48D28431-5CA3-42C3-B3B1-504F5BE5589E}.Release|Win32.ActiveCfg = Release|Win32
		{48D28431-5CA3-42C3-B3B1-504F5BE5589E}.Release|Win32.Build.0 = Release|Win32
	EndGlobalSection
	GlobalSection(SolutionProperties) = preSolution
		HideSolutionNode = FALSE
	EndGlobalSection
EndGlobal
