
Microsoft Visual Studio Solution File, Format Version 10.00
# Visual Studio 2008
Project("{8BC9CEB8-8B4A-11D0-8D11-00A0C91BC942}") = "11.28动态内存", "11.28动态内存\11.28动态内存.vcproj", "{C456003E-5DA4-4123-89AD-54C38159C085}"
EndProject
Global
	GlobalSection(SolutionConfigurationPlatforms) = preSolution
		Debug|Win32 = Debug|Win32
		Release|Win32 = Release|Win32
	EndGlobalSection
	GlobalSection(ProjectConfigurationPlatforms) = postSolution
		{C456003E-5DA4-4123-89AD-54C38159C085}.Debug|Win32.ActiveCfg = Debug|Win32
		{C456003E-5DA4-4123-89AD-54C38159C085}.Debug|Win32.Build.0 = Debug|Win32
		{C456003E-5DA4-4123-89AD-54C38159C085}.Release|Win32.ActiveCfg = Release|Win32
		{C456003E-5DA4-4123-89AD-54C38159C085}.Release|Win32.Build.0 = Release|Win32
	EndGlobalSection
	GlobalSection(SolutionProperties) = preSolution
		HideSolutionNode = FALSE
	EndGlobalSection
EndGlobal
