
Microsoft Visual Studio Solution File, Format Version 12.00
# Visual Studio 2013
VisualStudioVersion = 12.0.21005.1
MinimumVisualStudioVersion = 10.0.40219.1
Project("{FAE04EC0-301F-11D3-BF4B-00C04F79EFBC}") = "sushu9.21.c", "sushu9.21.c\sushu9.21.c.csproj", "{6A32F8EB-85C9-43BA-975D-C6E86A60515A}"
EndProject
Global
	GlobalSection(SolutionConfigurationPlatforms) = preSolution
		Debug|Any CPU = Debug|Any CPU
		Release|Any CPU = Release|Any CPU
	EndGlobalSection
	GlobalSection(ProjectConfigurationPlatforms) = postSolution
		{6A32F8EB-85C9-43BA-975D-C6E86A60515A}.Debug|Any CPU.ActiveCfg = Debug|Any CPU
		{6A32F8EB-85C9-43BA-975D-C6E86A60515A}.Debug|Any CPU.Build.0 = Debug|Any CPU
		{6A32F8EB-85C9-43BA-975D-C6E86A60515A}.Release|Any CPU.ActiveCfg = Release|Any CPU
		{6A32F8EB-85C9-43BA-975D-C6E86A60515A}.Release|Any CPU.Build.0 = Release|Any CPU
	EndGlobalSection
	GlobalSection(SolutionProperties) = preSolution
		HideSolutionNode = FALSE
	EndGlobalSection
EndGlobal
