
Microsoft Visual Studio Solution File, Format Version 10.00
# Visual Studio 2008
Project("{8BC9CEB8-8B4A-11D0-8D11-00A0C91BC942}") = "day07.c", "day07.c\day07.c.vcproj", "{29888F49-262A-4F9E-BA08-50FF6E518FE5}"
EndProject
Global
	GlobalSection(SolutionConfigurationPlatforms) = preSolution
		Debug|Win32 = Debug|Win32
		Release|Win32 = Release|Win32
	EndGlobalSection
	GlobalSection(ProjectConfigurationPlatforms) = postSolution
		{29888F49-262A-4F9E-BA08-50FF6E518FE5}.Debug|Win32.ActiveCfg = Debug|Win32
		{29888F49-262A-4F9E-BA08-50FF6E518FE5}.Debug|Win32.Build.0 = Debug|Win32
		{29888F49-262A-4F9E-BA08-50FF6E518FE5}.Release|Win32.ActiveCfg = Release|Win32
		{29888F49-262A-4F9E-BA08-50FF6E518FE5}.Release|Win32.Build.0 = Release|Win32
	EndGlobalSection
	GlobalSection(SolutionProperties) = preSolution
		HideSolutionNode = FALSE
	EndGlobalSection
EndGlobal
